
Microsoft Visual Studio Solution File, Format Version 12.00
# Visual Studio Version 17
VisualStudioVersion = 17.4.33213.308
MinimumVisualStudioVersion = 10.0.40219.1
Project("{FAE04EC0-301F-11D3-BF4B-00C04F79EFBC}") = "MinPartitions", "MinPartitions\MinPartitions.csproj", "{DE5C3DED-029F-468B-B7F4-9F068F8867BD}"
EndProject
Global
	GlobalSection(SolutionConfigurationPlatforms) = preSolution
		Debug|Any CPU = Debug|Any CPU
		Release|Any CPU = Release|Any CPU
	EndGlobalSection
	GlobalSection(ProjectConfigurationPlatforms) = postSolution
		{DE5C3DED-029F-468B-B7F4-9F068F8867BD}.Debug|Any CPU.ActiveCfg = Debug|Any CPU
		{DE5C3DED-029F-468B-B7F4-9F068F8867BD}.Debug|Any CPU.Build.0 = Debug|Any CPU
		{DE5C3DED-029F-468B-B7F4-9F068F8867BD}.Release|Any CPU.ActiveCfg = Release|Any CPU
		{DE5C3DED-029F-468B-B7F4-9F068F8867BD}.Release|Any CPU.Build.0 = Release|Any CPU
	EndGlobalSection
	GlobalSection(SolutionProperties) = preSolution
		HideSolutionNode = FALSE
	EndGlobalSection
	GlobalSection(ExtensibilityGlobals) = postSolution
		SolutionGuid = {598D7BD4-F0FA-4866-8B49-50A31E4401D0}
	EndGlobalSection
EndGlobal
